dependencies:
- name: kube-state-metrics
  repository: https://prometheus-community.github.io/helm-charts
  version: 3.3.*
- name: prometheus-node-exporter
  repository: https://prometheus-community.github.io/helm-charts
  version: 1.18.*
- name: grafana
  repository: https://grafana.github.io/helm-charts
  version: 6.13.*
digest: sha256:ca58c255896b7636e366f900f28d6ffeffec9611431aaf17215c6725638247a1
generated: "2021-07-04T22:57:32.343816+09:00"
